
Microsoft Visual Studio Solution File, Format Version 12.00
# Visual Studio Version 16
VisualStudioVersion = 16.0.32602.291
MinimumVisualStudioVersion = 10.0.40219.1
Project("{FAE04EC0-301F-11D3-BF4B-00C04F79EFBC}") = "NechaevPM4", "NechaevPM4\NechaevPM4.csproj", "{74516039-1167-4778-803F-4492C35CD07A}"
EndProject
Project("{FAE04EC0-301F-11D3-BF4B-00C04F79EFBC}") = "UnitTestProject1", "UnitTestProject1\UnitTestProject1.csproj", "{16F13C0F-BFB9-407A-B83D-B3092980CA1D}"
EndProject
Global
	GlobalSection(SolutionConfigurationPlatforms) = preSolution
		Debug|Any CPU = Debug|Any CPU
		Release|Any CPU = Release|Any CPU
	EndGlobalSection
	GlobalSection(ProjectConfigurationPlatforms) = postSolution
		{74516039-1167-4778-803F-4492C35CD07A}.Debug|Any CPU.ActiveCfg = Debug|Any CPU
		{74516039-1167-4778-803F-4492C35CD07A}.Debug|Any CPU.Build.0 = Debug|Any CPU
		{74516039-1167-4778-803F-4492C35CD07A}.Release|Any CPU.ActiveCfg = Release|Any CPU
		{74516039-1167-4778-803F-4492C35CD07A}.Release|Any CPU.Build.0 = Release|Any CPU
		{16F13C0F-BFB9-407A-B83D-B3092980CA1D}.Debug|Any CPU.ActiveCfg = Debug|Any CPU
		{16F13C0F-BFB9-407A-B83D-B3092980CA1D}.Debug|Any CPU.Build.0 = Debug|Any CPU
		{16F13C0F-BFB9-407A-B83D-B3092980CA1D}.Release|Any CPU.ActiveCfg = Release|Any CPU
		{16F13C0F-BFB9-407A-B83D-B3092980CA1D}.Release|Any CPU.Build.0 = Release|Any CPU
	EndGlobalSection
	GlobalSection(SolutionProperties) = preSolution
		HideSolutionNode = FALSE
	EndGlobalSection
	GlobalSection(ExtensibilityGlobals) = postSolution
		SolutionGuid = {453A1F0F-B4A3-4561-90F2-7F0267B299DB}
	EndGlobalSection
EndGlobal
